Microsoft Visual Studio Solution File, Format Version 12.00
# Visual Studio 2012
Project("{FAE04EC0-301F-11D3-BF4B-00C04F79EFBC}") = "Rogue en Godot", "Rogue en Godot.csproj", "{2C1B9727-066C-416A-BD9B-C7E13732CB68}"
EndProject
Global
	GlobalSection(SolutionConfigurationPlatforms) = preSolution
	Debug|Any CPU = Debug|Any CPU
	ExportDebug|Any CPU = ExportDebug|Any CPU
	ExportRelease|Any CPU = ExportRelease|Any CPU
	EndGlobalSection
	GlobalSection(ProjectConfigurationPlatforms) = postSolution
		{2C1B9727-066C-416A-BD9B-C7E13732CB68}.Debug|Any CPU.ActiveCfg = Debug|Any CPU
		{2C1B9727-066C-416A-BD9B-C7E13732CB68}.Debug|Any CPU.Build.0 = Debug|Any CPU
		{2C1B9727-066C-416A-BD9B-C7E13732CB68}.ExportDebug|Any CPU.ActiveCfg = ExportDebug|Any CPU
		{2C1B9727-066C-416A-BD9B-C7E13732CB68}.ExportDebug|Any CPU.Build.0 = ExportDebug|Any CPU
		{2C1B9727-066C-416A-BD9B-C7E13732CB68}.ExportRelease|Any CPU.ActiveCfg = ExportRelease|Any CPU
		{2C1B9727-066C-416A-BD9B-C7E13732CB68}.ExportRelease|Any CPU.Build.0 = ExportRelease|Any CPU
	EndGlobalSection
EndGlobal
